// !$*UTF8*$!
{
	archiveVersion = 1;
	classes = {
	};
	objectVersion = 46;
	objects = {

/* Begin PBXBuildFile section */
		96D491781D362FBE003ABB2D /* main.m in Sources */ = {isa = PBXBuildFile; fileRef = 96D491771D362FBE003ABB2D /* main.m */; };
		96D4917B1D362FBE003ABB2D /* AppDelegate.m in Sources */ = {isa = PBXBuildFile; fileRef = 96D4917A1D362FBE003ABB2D /* AppDelegate.m */; };
		96D4917E1D362FBE003ABB2D /* ViewController.m in Sources */ = {isa = PBXBuildFile; fileRef = 96D4917D1D362FBE003ABB2D /* ViewController.m */; };
		96D491811D362FBE003ABB2D /* Main.storyboard in Resources */ = {isa = PBXBuildFile; fileRef = 96D4917F1D362FBE003ABB2D /* Main.storyboard */; };
		96D491831D362FBE003ABB2D /* Assets.xcassets in Resources */ = {isa = PBXBuildFile; fileRef = 96D491821D362FBE003ABB2D /* Assets.xcassets */; };
		96D491861D362FBE003ABB2D /* LaunchScreen.storyboard in Resources */ = {isa = PBXBuildFile; fileRef = 96D491841D362FBE003ABB2D /* LaunchScreen.storyboard */; };
/* End PBXBuildFile section */

/* Begin PBXFileReference section */
		96D491731D362FBE003ABB2D /* Thoughts.app */ = {isa = PBXFileReference; explicitFileType = wrapper.application; includeInIndex = 0; path = Thoughts.app; sourceTree = BUILT_PRODUCTS_DIR; };
		96D491771D362FBE003ABB2D /* main.m */ = {isa = PBXFileReference; lastKnownFileType = sourcecode.c.objc; path = main.m; sourceTree = "<group>"; };
		96D491791D362FBE003ABB2D /* AppDelegate.h */ = {isa = PBXFileReference; lastKnownFileType = sourcecode.c.h; path = AppDelegate.h; sourceTree = "<group>"; };
		96D4917A1D362FBE003ABB2D /* AppDelegate.m */ = {isa = PBXFileReference; lastKnownFileType = sourcecode.c.objc; path = AppDelegate.m; sourceTree = "<group>"; };
		96D4917C1D362FBE003ABB2D /* ViewController.h */ = {isa = PBXFileReference; lastKnownFileType = sourcecode.c.h; path = ViewController.h; sourceTree = "<group>"; };
		96D4917D1D362FBE003ABB2D /* ViewController.m */ = {isa = PBXFileReference; lastKnownFileType = sourcecode.c.objc; path = ViewController.m; sourceTree = "<group>"; };
		96D491801D362FBE003ABB2D /* Base */ = {isa = PBXFileReference; lastKnownFileType = file.storyboard; name = Base; path = Base.lproj/Main.storyboard; sourceTree = "<group>"; };
		96D491821D362FBE003ABB2D /* Assets.xcassets */ = {isa = PBXFileReference; lastKnownFileType = folder.assetcatalog; path = Assets.xcassets; sourceTree = "<group>"; };
		96D491851D362FBE003ABB2D /* Base */ = {isa = PBXFileReference; lastKnownFileType = file.storyboard; name = Base; path = Base.lproj/LaunchScreen.storyboard; sourceTree = "<group>"; };
		96D491871D362FBE003ABB2D /* Info.plist */ = {isa = PBXFileReference; lastKnownFileType = text.plist.xml; path = Info.plist; sourceTree = "<group>"; };
/* End PBXFileReference section */

/* Begin PBXFrameworksBuildPhase section */
		96D491701D362FBE003ABB2D /* Frameworks */ = {
			isa = PBXFrameworksBuildPhase;
			buildActionMask = 2147483647;
			files = (
			);
			runOnlyForDeploymentPostprocessing = 0;
		};
/* End PBXFrameworksBuildPhase section */

/* Begin PBXGroup section */
		96D4916A1D362FBE003ABB2D = {
			isa = PBXGroup;
			children = (
				96D491751D362FBE003ABB2D /* Thoughts */,
				96D491741D362FBE003ABB2D /* Products */,
			);
			sourceTree = "<group>";
		};
		96D491741D362FBE003ABB2D /* Products */ = {
			isa = PBXGroup;
			children = (
				96D491731D362FBE003ABB2D /* Thoughts.app */,
			);
			name = Products;
			sourceTree = "<group>";
		};
		96D491751D362FBE003ABB2D /* Thoughts */ = {
			isa = PBXGroup;
			children = (
				96D491791D362FBE003ABB2D /* AppDelegate.h */,
				96D4917A1D362FBE003ABB2D /* AppDelegate.m */,
				96D4917C1D362FBE003ABB2D /* ViewController.h */,
				96D4917D1D362FBE003ABB2D /* ViewController.m */,
				96D4917F1D362FBE003ABB2D /* Main.storyboard */,
				96D491821D362FBE003ABB2D /* Assets.xcassets */,
				96D491841D362FBE003ABB2D /* LaunchScreen.storyboard */,
				96D491871D362FBE003ABB2D /* Info.plist */,
				96D491761D362FBE003ABB2D /* Supporting Files */,
			);
			path = Thoughts;
			sourceTree = "<group>";
		};
		96D491761D362FBE003ABB2D /* Supporting Files */ = {
			isa = PBXGroup;
			children = (
				96D491771D362FBE003ABB2D /* main.m */,
			);
			name = "Supporting Files";
			sourceTree = "<group>";
		};
/* End PBXGroup section */

/* Begin PBXNativeTarget section */
		96D491721D362FBE003ABB2D /* Thoughts */ = {
			isa = PBXNativeTarget;
			buildConfigurationList = 96D4918A1D362FBE003ABB2D /* Build configuration list for PBXNativeTarget "Thoughts" */;
			buildPhases = (
				96D4916F1D362FBE003ABB2D /* Sources */,
				96D491701D362FBE003ABB2D /* Frameworks */,
				96D491711D362FBE003ABB2D /* Resources */,
			);
			buildRules = (
			);
			dependencies = (
			);
			name = Thoughts;
			productName = Thoughts;
			productReference = 96D491731D362FBE003ABB2D /* Thoughts.app */;
			productType = "com.apple.product-type.application";
		};
/* End PBXNativeTarget section */

/* Begin PBXProject section */
		96D4916B1D362FBE003ABB2D /* Project object */ = {
			isa = PBXProject;
			attributes = {
				LastUpgradeCheck = 0730;
				ORGANIZATIONNAME = "AMIT AGARWAL";
				TargetAttributes = {
					96D491721D362FBE003ABB2D = {
						CreatedOnToolsVersion = 7.3.1;
					};
				};
			};
			buildConfigurationList = 96D4916E1D362FBE003ABB2D /* Build configuration list for PBXProject "Thoughts" */;
			compatibilityVersion = "Xcode 3.2";
			developmentRegion = English;
			hasScannedForEncodings = 0;
			knownRegions = (
				en,
				Base,
			);
			mainGroup = 96D4916A1D362FBE003ABB2D;
			productRefGroup = 96D491741D362FBE003ABB2D /* Products */;
			projectDirPath = "";
			projectRoot = "";
			targets = (
				96D491721D362FBE003ABB2D /* Thoughts */,
			);
		};
/* End PBXProject section */

/* Begin PBXResourcesBuildPhase section */
		96D491711D362FBE003ABB2D /* Resources */ = {
			isa = PBXResourcesBuildPhase;
			buildActionMask = 2147483647;
			files = (
				96D491861D362FBE003ABB2D /* LaunchScreen.storyboard in Resources */,
				96D491831D362FBE003ABB2D /* Assets.xcassets in Resources */,
				96D491811D362FBE003ABB2D /* Main.storyboard in Resources */,
			);
			runOnlyForDeploymentPostprocessing = 0;
		};
/* End PBXResourcesBuildPhase section */

/* Begin PBXSourcesBuildPhase section */
		96D4916F1D362FBE003ABB2D /* Sources */ = {
			isa = PBXSourcesBuildPhase;
			buildActionMask = 2147483647;
			files = (
				96D4917E1D362FBE003ABB2D /* ViewController.m in Sources */,
				96D4917B1D362FBE003ABB2D /* AppDelegate.m in Sources */,
				96D491781D362FBE003ABB2D /* main.m in Sources */,
			);
			runOnlyForDeploymentPostprocessing = 0;
		};
/* End PBXSourcesBuildPhase section */

/* Begin PBXVariantGroup section */
		96D4917F1D362FBE003ABB2D /* Main.storyboard */ = {
			isa = PBXVariantGroup;
			children = (
				96D491801D362FBE003ABB2D /* Base */,
			);
			name = Main.storyboard;
			sourceTree = "<group>";
		};
		96D491841D362FBE003ABB2D /* LaunchScreen.storyboard */ = {
			isa = PBXVariantGroup;
			children = (
				96D491851D362FBE003ABB2D /* Base */,
			);
			name = LaunchScreen.storyboard;
			sourceTree = "<group>";
		};
/* End PBXVariantGroup section */

/* Begin XCBuildConfiguration section */
		96D491881D362FBE003ABB2D /* Debug */ = {
			isa = XCBuildConfiguration;
			buildSettings = {
				ALWAYS_SEARCH_USER_PATHS = NO;
				CLANG_ANALYZER_NONNULL = YES;
				CLANG_CXX_LANGUAGE_STANDARD = "gnu++0x";
				CLANG_CXX_LIBRARY = "libc++";
				CLANG_ENABLE_MODULES = YES;
				CLANG_ENABLE_OBJC_ARC = YES;
				CLANG_WARN_BOOL_CONVERSION = YES;
				CLANG_WARN_CONSTANT_CONVERSION = YES;
				CLANG_WARN_DIRECT_OBJC_ISA_USAGE = YES_ERROR;
				CLANG_WARN_EMPTY_BODY = YES;
				CLANG_WARN_ENUM_CONVERSION = YES;
				CLANG_WARN_INT_CONVERSION = YES;
				CLANG_WARN_OBJC_ROOT_CLASS = YES_ERROR;
				CLANG_WARN_UNREACHABLE_CODE = YES;
				CLANG_WARN__DUPLICATE_METHOD_MATCH = YES;
				"CODE_SIGN_IDENTITY[sdk=iphoneos*]" = "iPhone Developer";
				COPY_PHASE_STRIP = NO;
				DEBUG_INFORMATION_FORMAT = dwarf;
				ENABLE_STRICT_OBJC_MSGSEND = YES;
				ENABLE_TESTABILITY = YES;
				GCC_C_LANGUAGE_STANDARD = gnu99;
				GCC_DYNAMIC_NO_PIC = NO;
				GCC_NO_COMMON_BLOCKS = YES;
				GCC_OPTIMIZATION_LEVEL = 0;
				GCC_PREPROCESSOR_DEFINITIONS = (
					"DEBUG=1",
					"$(inherited)",
				);
				GCC_WARN_64_TO_32_BIT_CONVERSION = YES;
				GCC_WARN_ABOUT_RETURN_TYPE = YES_ERROR;
				GCC_WARN_UNDECLARED_SELECTOR = YES;
				GCC_WARN_UNINITIALIZED_AUTOS = YES_AGGRESSIVE;
				GCC_WARN_UNUSED_FUNCTION = YES;
				GCC_WARN_UNUSED_VARIABLE = YES;
				IPHONEOS_DEPLOYMENT_TARGET = 9.3;
				MTL_ENABLE_DEBUG_INFO = YES;
				ONLY_ACTIVE_ARCH = YES;
				SDKROOT = iphoneos;
				TARGETED_DEVICE_FAMILY = "1,2";
			};
			name = Debug;
		};
		96D491891D362FBE003ABB2D /* Release */ = {
			isa = XCBuildConfiguration;
			buildSettings = {
				ALWAYS_SEARCH_USER_PATHS = NO;
				CLANG_ANALYZER_NONNULL = YES;
				CLANG_CXX_LANGUAGE_STANDARD = "gnu++0x";
				CLANG_CXX_LIBRARY = "libc++";
				CLANG_ENABLE_MODULES = YES;
				CLANG_ENABLE_OBJC_ARC = YES;
				CLANG_WARN_BOOL_CONVERSION = YES;
				CLANG_WARN_CONSTANT_CONVERSION = YES;
				CLANG_WARN_DIRECT_OBJC_ISA_USAGE = YES_ERROR;
				CLANG_WARN_EMPTY_BODY = YES;
				CLANG_WARN_ENUM_CONVERSION = YES;
				CLANG_WARN_INT_CONVERSION = YES;
				CLANG_WARN_OBJC_ROOT_CLASS = YES_ERROR;
				CLANG_WARN_UNREACHABLE_CODE = YES;
				CLANG_WARN__DUPLICATE_METHOD_MATCH = YES;
				"CODE_SIGN_IDENTITY[sdk=iphoneos*]" = "iPhone Developer";
				COPY_PHASE_STRIP = NO;
				DEBUG_INFORMATION_FORMAT = "dwarf-with-dsym";
				ENABLE_NS_ASSERTIONS = NO;
				ENABLE_STRICT_OBJC_MSGSEND = YES;
				GCC_C_LANGUAGE_STANDARD = gnu99;
				GCC_NO_COMMON_BLOCKS = YES;
				GCC_WARN_64_TO_32_BIT_CONVERSION = YES;
				GCC_WARN_ABOUT_RETURN_TYPE = YES_ERROR;
				GCC_WARN_UNDECLARED_SELECTOR = YES;
				GCC_WARN_UNINITIALIZED_AUTOS = YES_AGGRESSIVE;
				GCC_WARN_UNUSED_FUNCTION = YES;
				GCC_WARN_UNUSED_VARIABLE = YES;
				IPHONEOS_DEPLOYMENT_TARGET = 9.3;
				MTL_ENABLE_DEBUG_INFO = NO;
				SDKROOT = iphoneos;
				TARGETED_DEVICE_FAMILY = "1,2";
				VALIDATE_PRODUCT = YES;
			};
			name = Release;
		};
		96D4918B1D362FBE003ABB2D /* Debug */ = {
			isa = XCBuildConfiguration;
			buildSettings = {
				ASSETCATALOG_COMPILER_APPICON_NAME = AppIcon;
				INFOPLIST_FILE = Thoughts/Info.plist;
				LD_RUNPATH_SEARCH_PATHS = "$(inherited) @executable_path/Frameworks";
				PRODUCT_BUNDLE_IDENTIFIER = amit.Thoughts;
				PRODUCT_NAME = "$(TARGET_NAME)";
			};
			name = Debug;
		};
		96D4918C1D362FBE003ABB2D /* Release */ = {
			isa = XCBuildConfiguration;
			buildSettings = {
				ASSETCATALOG_COMPILER_APPICON_NAME = AppIcon;
				INFOPLIST_FILE = Thoughts/Info.plist;
				LD_RUNPATH_SEARCH_PATHS = "$(inherited) @executable_path/Frameworks";
				PRODUCT_BUNDLE_IDENTIFIER = amit.Thoughts;
				PRODUCT_NAME = "$(TARGET_NAME)";
			};
			name = Release;
		};
/* End XCBuildConfiguration section */

/* Begin XCConfigurationList section */
		96D4916E1D362FBE003ABB2D /* Build configuration list for PBXProject "Thoughts" */ = {
			isa = XCConfigurationList;
			buildConfigurations = (
				96D491881D362FBE003ABB2D /* Debug */,
				96D491891D362FBE003ABB2D /* Release */,
			);
			defaultConfigurationIsVisible = 0;
			defaultConfigurationName = Release;
		};
		96D4918A1D362FBE003ABB2D /* Build configuration list for PBXNativeTarget "Thoughts" */ = {
			isa = XCConfigurationList;
			buildConfigurations = (
				96D4918B1D362FBE003ABB2D /* Debug */,
				96D4918C1D362FBE003ABB2D /* Release */,
			);
			defaultConfigurationIsVisible = 0;
		};
/* End XCConfigurationList section */
	};
	rootObject = 96D4916B1D362FBE003ABB2D /* Project object */;
}
